// !$*UTF8*$!
{
	archiveVersion = 1;
	classes = {
	};
	objectVersion = 46;
	objects = {

/* Begin PBXBuildFile section */
		D73F080E1BF95F5900455903 /* AppDelegate.swift in Sources */ = {isa = PBXBuildFile; fileRef = D73F080D1BF95F5900455903 /* AppDelegate.swift */; };
		D73F08101BF95F5900455903 /* ViewController.swift in Sources */ = {isa = PBXBuildFile; fileRef = D73F080F1BF95F5900455903 /* ViewController.swift */; };
		D73F08131BF95F5900455903 /* Main.storyboard in Resources */ = {isa = PBXBuildFile; fileRef = D73F08111BF95F5900455903 /* Main.storyboard */; };
		D73F08161BF95F5900455903 /* TapNotes.xcdatamodeld in Sources */ = {isa = PBXBuildFile; fileRef = D73F08141BF95F5900455903 /* TapNotes.xcdatamodeld */; };
		D73F08181BF95F5900455903 /* Assets.xcassets in Resources */ = {isa = PBXBuildFile; fileRef = D73F08171BF95F5900455903 /* Assets.xcassets */; };
		D73F081B1BF95F5900455903 /* LaunchScreen.storyboard in Resources */ = {isa = PBXBuildFile; fileRef = D73F08191BF95F5900455903 /* LaunchScreen.storyboard */; };
		D73F08261BF95F5A00455903 /* TapNotesTests.swift in Sources */ = {isa = PBXBuildFile; fileRef = D73F08251BF95F5A00455903 /* TapNotesTests.swift */; };
		D73F08311BF95F5A00455903 /* TapNotesUITests.swift in Sources */ = {isa = PBXBuildFile; fileRef = D73F08301BF95F5A00455903 /* TapNotesUITests.swift */; };
		D73F08441BF95F7D00455903 /* Interface.storyboard in Resources */ = {isa = PBXBuildFile; fileRef = D73F08421BF95F7D00455903 /* Interface.storyboard */; };
		D73F08461BF95F7D00455903 /* Assets.xcassets in Resources */ = {isa = PBXBuildFile; fileRef = D73F08451BF95F7D00455903 /* Assets.xcassets */; };
		D73F084D1BF95F7D00455903 /* TapNotesWatch Extension.appex in Embed App Extensions */ = {isa = PBXBuildFile; fileRef = D73F084C1BF95F7D00455903 /* TapNotesWatch Extension.appex */; settings = {ATTRIBUTES = (RemoveHeadersOnCopy, ); }; };
		D73F08541BF95F7D00455903 /* InterfaceController.swift in Sources */ = {isa = PBXBuildFile; fileRef = D73F08531BF95F7D00455903 /* InterfaceController.swift */; };
		D73F08561BF95F7D00455903 /* ExtensionDelegate.swift in Sources */ = {isa = PBXBuildFile; fileRef = D73F08551BF95F7D00455903 /* ExtensionDelegate.swift */; };
		D73F08581BF95F7D00455903 /* NotificationController.swift in Sources */ = {isa = PBXBuildFile; fileRef = D73F08571BF95F7D00455903 /* NotificationController.swift */; };
		D73F085A1BF95F7D00455903 /* Assets.xcassets in Resources */ = {isa = PBXBuildFile; fileRef = D73F08591BF95F7D00455903 /* Assets.xcassets */; };
		D73F085E1BF95F7D00455903 /* TapNotesWatch.app in Embed Watch Content */ = {isa = PBXBuildFile; fileRef = D73F08401BF95F7D00455903 /* TapNotesWatch.app */; };
		D73F08681BF9605900455903 /* rowController.swift in Sources */ = {isa = PBXBuildFile; fileRef = D73F08671BF9605900455903 /* rowController.swift */; };
		D73F086A1BF9815C00455903 /* SecondInterfaceController.swift in Sources */ = {isa = PBXBuildFile; fileRef = D73F08691BF9815C00455903 /* SecondInterfaceController.swift */; };
		D740A6971C03D35900F0FBA5 /* NoteViewController.swift in Sources */ = {isa = PBXBuildFile; fileRef = D740A6961C03D35900F0FBA5 /* NoteViewController.swift */; };
		D740A69C1C03D46000F0FBA5 /* Note.swift in Sources */ = {isa = PBXBuildFile; fileRef = D740A69B1C03D46000F0FBA5 /* Note.swift */; };
		D740A69E1C03D4A700F0FBA5 /* SampleData.swift in Sources */ = {isa = PBXBuildFile; fileRef = D740A69D1C03D4A700F0FBA5 /* SampleData.swift */; };
		D740A6A21C04236200F0FBA5 /* NoteCell.swift in Sources */ = {isa = PBXBuildFile; fileRef = D740A6A11C04236200F0FBA5 /* NoteCell.swift */; };
		D7BCBFE31C06270A001473AD /* NoteDetailsViewController.swift in Sources */ = {isa = PBXBuildFile; fileRef = D7BCBFE21C06270A001473AD /* NoteDetailsViewController.swift */; };
/* End PBXBuildFile section */

/* Begin PBXContainerItemProxy section */
		D73F08221BF95F5A00455903 /* PBXContainerItemProxy */ = {
			isa = PBXContainerItemProxy;
			containerPortal = D73F08021BF95F5900455903 /* Project object */;
			proxyType = 1;
			remoteGlobalIDString = D73F08091BF95F5900455903;
			remoteInfo = TapNotes;
		};
		D73F082D1BF95F5A00455903 /* PBXContainerItemProxy */ = {
			isa = PBXContainerItemProxy;
			containerPortal = D73F08021BF95F5900455903 /* Project object */;
			proxyType = 1;
			remoteGlobalIDString = D73F08091BF95F5900455903;
			remoteInfo = TapNotes;
		};
		D73F084E1BF95F7D00455903 /* PBXContainerItemProxy */ = {
			isa = PBXContainerItemProxy;
			containerPortal = D73F08021BF95F5900455903 /* Project object */;
			proxyType = 1;
			remoteGlobalIDString = D73F084B1BF95F7D00455903;
			remoteInfo = "TapNotesWatch Extension";
		};
		D73F085C1BF95F7D00455903 /* PBXContainerItemProxy */ = {
			isa = PBXContainerItemProxy;
			containerPortal = D73F08021BF95F5900455903 /* Project object */;
			proxyType = 1;
			remoteGlobalIDString = D73F083F1BF95F7D00455903;
			remoteInfo = TapNotesWatch;
		};
/* End PBXContainerItemProxy section */

/* Begin PBXCopyFilesBuildPhase section */
		D73F08621BF95F7D00455903 /* Embed App Extensions */ = {
			isa = PBXCopyFilesBuildPhase;
			buildActionMask = 2147483647;
			dstPath = "";
			dstSubfolderSpec = 13;
			files = (
				D73F084D1BF95F7D00455903 /* TapNotesWatch Extension.appex in Embed App Extensions */,
			);
			name = "Embed App Extensions";
			runOnlyForDeploymentPostprocessing = 0;
		};
		D73F08661BF95F7D00455903 /* Embed Watch Content */ = {
			isa = PBXCopyFilesBuildPhase;
			buildActionMask = 2147483647;
			dstPath = "$(CONTENTS_FOLDER_PATH)/Watch";
			dstSubfolderSpec = 16;
			files = (
				D73F085E1BF95F7D00455903 /* TapNotesWatch.app in Embed Watch Content */,
			);
			name = "Embed Watch Content";
			runOnlyForDeploymentPostprocessing = 0;
		};
/* End PBXCopyFilesBuildPhase section */

/* Begin PBXFileReference section */
		D71FCABF1BFAD19500B9E12E /* TapNotesWatch Extension.entitlements */ = {isa = PBXFileReference; lastKnownFileType = text.xml; path = "TapNotesWatch Extension.entitlements"; sourceTree = "<group>"; };
		D73F080A1BF95F5900455903 /* TapNotes.app */ = {isa = PBXFileReference; explicitFileType = wrapper.application; includeInIndex = 0; path = TapNotes.app; sourceTree = BUILT_PRODUCTS_DIR; };
		D73F080D1BF95F5900455903 /* AppDelegate.swift */ = {isa = PBXFileReference; lastKnownFileType = sourcecode.swift; path = AppDelegate.swift; sourceTree = "<group>"; };
		D73F080F1BF95F5900455903 /* ViewController.swift */ = {isa = PBXFileReference; lastKnownFileType = sourcecode.swift; path = ViewController.swift; sourceTree = "<group>"; };
		D73F08121BF95F5900455903 /* Base */ = {isa = PBXFileReference; lastKnownFileType = file.storyboard; name = Base; path = Base.lproj/Main.storyboard; sourceTree = "<group>"; };
		D73F08151BF95F5900455903 /* TapNotes.xcdatamodel */ = {isa = PBXFileReference; lastKnownFileType = wrapper.xcdatamodel; path = TapNotes.xcdatamodel; sourceTree = "<group>"; };
		D73F08171BF95F5900455903 /* Assets.xcassets */ = {isa = PBXFileReference; lastKnownFileType = folder.assetcatalog; path = Assets.xcassets; sourceTree = "<group>"; };
		D73F081A1BF95F5900455903 /* Base */ = {isa = PBXFileReference; lastKnownFileType = file.storyboard; name = Base; path = Base.lproj/LaunchScreen.storyboard; sourceTree = "<group>"; };
		D73F081C1BF95F5900455903 /* Info.plist */ = {isa = PBXFileReference; lastKnownFileType = text.plist.xml; path = Info.plist; sourceTree = "<group>"; };
		D73F08211BF95F5A00455903 /* TapNotesTests.xctest */ = {isa = PBXFileReference; explicitFileType = wrapper.cfbundle; includeInIndex = 0; path = TapNotesTests.xctest; sourceTree = BUILT_PRODUCTS_DIR; };
		D73F08251BF95F5A00455903 /* TapNotesTests.swift */ = {isa = PBXFileReference; lastKnownFileType = sourcecode.swift; path = TapNotesTests.swift; sourceTree = "<group>"; };
		D73F08271BF95F5A00455903 /* Info.plist */ = {isa = PBXFileReference; lastKnownFileType = text.plist.xml; path = Info.plist; sourceTree = "<group>"; };
		D73F082C1BF95F5A00455903 /* TapNotesUITests.xctest */ = {isa = PBXFileReference; explicitFileType = wrapper.cfbundle; includeInIndex = 0; path = TapNotesUITests.xctest; sourceTree = BUILT_PRODUCTS_DIR; };
		D73F08301BF95F5A00455903 /* TapNotesUITests.swift */ = {isa = PBXFileReference; lastKnownFileType = sourcecode.swift; path = TapNotesUITests.swift; sourceTree = "<group>"; };
		D73F08321BF95F5A00455903 /* Info.plist */ = {isa = PBXFileReference; lastKnownFileType = text.plist.xml; path = Info.plist; sourceTree = "<group>"; };
		D73F08401BF95F7D00455903 /* TapNotesWatch.app */ = {isa = PBXFileReference; explicitFileType = wrapper.application; includeInIndex = 0; path = TapNotesWatch.app; sourceTree = BUILT_PRODUCTS_DIR; };
		D73F08431BF95F7D00455903 /* Base */ = {isa = PBXFileReference; lastKnownFileType = file.storyboard; name = Base; path = Base.lproj/Interface.storyboard; sourceTree = "<group>"; };
		D73F08451BF95F7D00455903 /* Assets.xcassets */ = {isa = PBXFileReference; lastKnownFileType = folder.assetcatalog; path = Assets.xcassets; sourceTree = "<group>"; };
		D73F08471BF95F7D00455903 /* Info.plist */ = {isa = PBXFileReference; lastKnownFileType = text.plist.xml; path = Info.plist; sourceTree = "<group>"; };
		D73F084C1BF95F7D00455903 /* TapNotesWatch Extension.appex */ = {isa = PBXFileReference; explicitFileType = "wrapper.app-extension"; includeInIndex = 0; path = "TapNotesWatch Extension.appex"; sourceTree = BUILT_PRODUCTS_DIR; };
		D73F08521BF95F7D00455903 /* PushNotificationPayload.apns */ = {isa = PBXFileReference; lastKnownFileType = text; path = PushNotificationPayload.apns; sourceTree = "<group>"; };
		D73F08531BF95F7D00455903 /* InterfaceController.swift */ = {isa = PBXFileReference; lastKnownFileType = sourcecode.swift; path = InterfaceController.swift; sourceTree = "<group>"; };
		D73F08551BF95F7D00455903 /* ExtensionDelegate.swift */ = {isa = PBXFileReference; lastKnownFileType = sourcecode.swift; path = ExtensionDelegate.swift; sourceTree = "<group>"; };
		D73F08571BF95F7D00455903 /* NotificationController.swift */ = {isa = PBXFileReference; lastKnownFileType = sourcecode.swift; path = NotificationController.swift; sourceTree = "<group>"; };
		D73F08591BF95F7D00455903 /* Assets.xcassets */ = {isa = PBXFileReference; lastKnownFileType = folder.assetcatalog; path = Assets.xcassets; sourceTree = "<group>"; };
		D73F085B1BF95F7D00455903 /* Info.plist */ = {isa = PBXFileReference; lastKnownFileType = text.plist.xml; path = Info.plist; sourceTree = "<group>"; };
		D73F08671BF9605900455903 /* rowController.swift */ = {isa = PBXFileReference; fileEncoding = 4; lastKnownFileType = sourcecode.swift; path = rowController.swift; sourceTree = "<group>"; };
		D73F08691BF9815C00455903 /* SecondInterfaceController.swift */ = {isa = PBXFileReference; fileEncoding = 4; lastKnownFileType = sourcecode.swift; path = SecondInterfaceController.swift; sourceTree = "<group>"; };
		D740A6961C03D35900F0FBA5 /* NoteViewController.swift */ = {isa = PBXFileReference; fileEncoding = 4; lastKnownFileType = sourcecode.swift; path = NoteViewController.swift; sourceTree = "<group>"; };
		D740A69B1C03D46000F0FBA5 /* Note.swift */ = {isa = PBXFileReference; fileEncoding = 4; lastKnownFileType = sourcecode.swift; path = Note.swift; sourceTree = "<group>"; };
		D740A69D1C03D4A700F0FBA5 /* SampleData.swift */ = {isa = PBXFileReference; fileEncoding = 4; lastKnownFileType = sourcecode.swift; path = SampleData.swift; sourceTree = "<group>"; };
		D740A6A11C04236200F0FBA5 /* NoteCell.swift */ = {isa = PBXFileReference; fileEncoding = 4; lastKnownFileType = sourcecode.swift; path = NoteCell.swift; sourceTree = "<group>"; };
		D7BCBFE21C06270A001473AD /* NoteDetailsViewController.swift */ = {isa = PBXFileReference; fileEncoding = 4; lastKnownFileType = sourcecode.swift; path = NoteDetailsViewController.swift; sourceTree = "<group>"; };
/* End PBXFileReference section */

/* Begin PBXFrameworksBuildPhase section */
		D73F08071BF95F5900455903 /* Frameworks */ = {
			isa = PBXFrameworksBuildPhase;
			buildActionMask = 2147483647;
			files = (
			);
			runOnlyForDeploymentPostprocessing = 0;
		};
		D73F081E1BF95F5A00455903 /* Frameworks */ = {
			isa = PBXFrameworksBuildPhase;
			buildActionMask = 2147483647;
			files = (
			);
			runOnlyForDeploymentPostprocessing = 0;
		};
		D73F08291BF95F5A00455903 /* Frameworks */ = {
			isa = PBXFrameworksBuildPhase;
			buildActionMask = 2147483647;
			files = (
			);
			runOnlyForDeploymentPostprocessing = 0;
		};
		D73F08491BF95F7D00455903 /* Frameworks */ = {
			isa = PBXFrameworksBuildPhase;
			buildActionMask = 2147483647;
			files = (
			);
			runOnlyForDeploymentPostprocessing = 0;
		};
/* End PBXFrameworksBuildPhase section */

/* Begin PBXGroup section */
		D73F08011BF95F5900455903 = {
			isa = PBXGroup;
			children = (
				D73F080C1BF95F5900455903 /* TapNotes */,
				D73F08241BF95F5A00455903 /* TapNotesTests */,
				D73F082F1BF95F5A00455903 /* TapNotesUITests */,
				D73F08411BF95F7D00455903 /* TapNotesWatch */,
				D73F08501BF95F7D00455903 /* TapNotesWatch Extension */,
				D73F080B1BF95F5900455903 /* Products */,
			);
			sourceTree = "<group>";
		};
		D73F080B1BF95F5900455903 /* Products */ = {
			isa = PBXGroup;
			children = (
				D73F080A1BF95F5900455903 /* TapNotes.app */,
				D73F08211BF95F5A00455903 /* TapNotesTests.xctest */,
				D73F082C1BF95F5A00455903 /* TapNotesUITests.xctest */,
				D73F08401BF95F7D00455903 /* TapNotesWatch.app */,
				D73F084C1BF95F7D00455903 /* TapNotesWatch Extension.appex */,
			);
			name = Products;
			sourceTree = "<group>";
		};
		D73F080C1BF95F5900455903 /* TapNotes */ = {
			isa = PBXGroup;
			children = (
				D73F080D1BF95F5900455903 /* AppDelegate.swift */,
				D73F080F1BF95F5900455903 /* ViewController.swift */,
				D73F08111BF95F5900455903 /* Main.storyboard */,
				D740A6961C03D35900F0FBA5 /* NoteViewController.swift */,
				D73F08171BF95F5900455903 /* Assets.xcassets */,
				D73F08191BF95F5900455903 /* LaunchScreen.storyboard */,
				D73F081C1BF95F5900455903 /* Info.plist */,
				D73F08141BF95F5900455903 /* TapNotes.xcdatamodeld */,
				D740A6A11C04236200F0FBA5 /* NoteCell.swift */,
				D7BCBFE21C06270A001473AD /* NoteDetailsViewController.swift */,
				D740A6981C03D41F00F0FBA5 /* Model */,
			);
			path = TapNotes;
			sourceTree = "<group>";
		};
		D73F08241BF95F5A00455903 /* TapNotesTests */ = {
			isa = PBXGroup;
			children = (
				D73F08251BF95F5A00455903 /* TapNotesTests.swift */,
				D73F08271BF95F5A00455903 /* Info.plist */,
			);
			path = TapNotesTests;
			sourceTree = "<group>";
		};
		D73F082F1BF95F5A00455903 /* TapNotesUITests */ = {
			isa = PBXGroup;
			children = (
				D73F08301BF95F5A00455903 /* TapNotesUITests.swift */,
				D73F08321BF95F5A00455903 /* Info.plist */,
			);
			path = TapNotesUITests;
			sourceTree = "<group>";
		};
		D73F08411BF95F7D00455903 /* TapNotesWatch */ = {
			isa = PBXGroup;
			children = (
				D73F08421BF95F7D00455903 /* Interface.storyboard */,
				D73F08451BF95F7D00455903 /* Assets.xcassets */,
				D73F08471BF95F7D00455903 /* Info.plist */,
			);
			path = TapNotesWatch;
			sourceTree = "<group>";
		};
		D73F08501BF95F7D00455903 /* TapNotesWatch Extension */ = {
			isa = PBXGroup;
			children = (
				D71FCABF1BFAD19500B9E12E /* TapNotesWatch Extension.entitlements */,
				D73F08531BF95F7D00455903 /* InterfaceController.swift */,
				D73F08671BF9605900455903 /* rowController.swift */,
				D73F08551BF95F7D00455903 /* ExtensionDelegate.swift */,
				D73F08571BF95F7D00455903 /* NotificationController.swift */,
				D73F08591BF95F7D00455903 /* Assets.xcassets */,
				D73F085B1BF95F7D00455903 /* Info.plist */,
				D73F08511BF95F7D00455903 /* Supporting Files */,
				D73F08691BF9815C00455903 /* SecondInterfaceController.swift */,
			);
			path = "TapNotesWatch Extension";
			sourceTree = "<group>";
		};
		D73F08511BF95F7D00455903 /* Supporting Files */ = {
			isa = PBXGroup;
			children = (
				D73F08521BF95F7D00455903 /* PushNotificationPayload.apns */,
			);
			name = "Supporting Files";
			sourceTree = "<group>";
		};
		D740A6981C03D41F00F0FBA5 /* Model */ = {
			isa = PBXGroup;
			children = (
				D740A69B1C03D46000F0FBA5 /* Note.swift */,
				D740A69D1C03D4A700F0FBA5 /* SampleData.swift */,
			);
			name = Model;
			path = ..;
			sourceTree = "<group>";
		};
/* End PBXGroup section */

/* Begin PBXNativeTarget section */
		D73F08091BF95F5900455903 /* TapNotes */ = {
			isa = PBXNativeTarget;
			buildConfigurationList = D73F08351BF95F5A00455903 /* Build configuration list for PBXNativeTarget "TapNotes" */;
			buildPhases = (
				D73F08061BF95F5900455903 /* Sources */,
				D73F08071BF95F5900455903 /* Frameworks */,
				D73F08081BF95F5900455903 /* Resources */,
				D73F08661BF95F7D00455903 /* Embed Watch Content */,
			);
			buildRules = (
			);
			dependencies = (
				D73F085D1BF95F7D00455903 /* PBXTargetDependency */,
			);
			name = TapNotes;
			productName = TapNotes;
			productReference = D73F080A1BF95F5900455903 /* TapNotes.app */;
			productType = "com.apple.product-type.application";
		};
		D73F08201BF95F5A00455903 /* TapNotesTests */ = {
			isa = PBXNativeTarget;
			buildConfigurationList = D73F08381BF95F5A00455903 /* Build configuration list for PBXNativeTarget "TapNotesTests" */;
			buildPhases = (
				D73F081D1BF95F5A00455903 /* Sources */,
				D73F081E1BF95F5A00455903 /* Frameworks */,
				D73F081F1BF95F5A00455903 /* Resources */,
			);
			buildRules = (
			);
			dependencies = (
				D73F08231BF95F5A00455903 /* PBXTargetDependency */,
			);
			name = TapNotesTests;
			productName = TapNotesTests;
			productReference = D73F08211BF95F5A00455903 /* TapNotesTests.xctest */;
			productType = "com.apple.product-type.bundle.unit-test";
		};
		D73F082B1BF95F5A00455903 /* TapNotesUITests */ = {
			isa = PBXNativeTarget;
			buildConfigurationList = D73F083B1BF95F5A00455903 /* Build configuration list for PBXNativeTarget "TapNotesUITests" */;
			buildPhases = (
				D73F08281BF95F5A00455903 /* Sources */,
				D73F08291BF95F5A00455903 /* Frameworks */,
				D73F082A1BF95F5A00455903 /* Resources */,
			);
			buildRules = (
			);
			dependencies = (
				D73F082E1BF95F5A00455903 /* PBXTargetDependency */,
			);
			name = TapNotesUITests;
			productName = TapNotesUITests;
			productReference = D73F082C1BF95F5A00455903 /* TapNotesUITests.xctest */;
			productType = "com.apple.product-type.bundle.ui-testing";
		};
		D73F083F1BF95F7D00455903 /* TapNotesWatch */ = {
			isa = PBXNativeTarget;
			buildConfigurationList = D73F08631BF95F7D00455903 /* Build configuration list for PBXNativeTarget "TapNotesWatch" */;
			buildPhases = (
				D73F083E1BF95F7D00455903 /* Resources */,
				D73F08621BF95F7D00455903 /* Embed App Extensions */,
			);
			buildRules = (
			);
			dependencies = (
				D73F084F1BF95F7D00455903 /* PBXTargetDependency */,
			);
			name = TapNotesWatch;
			productName = TapNotesWatch;
			productReference = D73F08401BF95F7D00455903 /* TapNotesWatch.app */;
			productType = "com.apple.product-type.application.watchapp2";
		};
		D73F084B1BF95F7D00455903 /* TapNotesWatch Extension */ = {
			isa = PBXNativeTarget;
			buildConfigurationList = D73F085F1BF95F7D00455903 /* Build configuration list for PBXNativeTarget "TapNotesWatch Extension" */;
			buildPhases = (
				D73F08481BF95F7D00455903 /* Sources */,
				D73F08491BF95F7D00455903 /* Frameworks */,
				D73F084A1BF95F7D00455903 /* Resources */,
			);
			buildRules = (
			);
			dependencies = (
			);
			name = "TapNotesWatch Extension";
			productName = "TapNotesWatch Extension";
			productReference = D73F084C1BF95F7D00455903 /* TapNotesWatch Extension.appex */;
			productType = "com.apple.product-type.watchkit2-extension";
		};
/* End PBXNativeTarget section */

/* Begin PBXProject section */
		D73F08021BF95F5900455903 /* Project object */ = {
			isa = PBXProject;
			attributes = {
				LastSwiftUpdateCheck = 0710;
				LastUpgradeCheck = 0710;
				ORGANIZATIONNAME = "Georgina Coleman";
				TargetAttributes = {
					D73F08091BF95F5900455903 = {
						CreatedOnToolsVersion = 7.1;
						DevelopmentTeam = 7KM74WZM32;
					};
					D73F08201BF95F5A00455903 = {
						CreatedOnToolsVersion = 7.1;
						TestTargetID = D73F08091BF95F5900455903;
					};
					D73F082B1BF95F5A00455903 = {
						CreatedOnToolsVersion = 7.1;
						TestTargetID = D73F08091BF95F5900455903;
					};
					D73F083F1BF95F7D00455903 = {
						CreatedOnToolsVersion = 7.1;
						DevelopmentTeam = 7KM74WZM32;
					};
					D73F084B1BF95F7D00455903 = {
						CreatedOnToolsVersion = 7.1;
						DevelopmentTeam = 7KM74WZM32;
						SystemCapabilities = {
							com.apple.ApplicationGroups.iOS = {
								enabled = 1;
							};
						};
					};
				};
			};
			buildConfigurationList = D73F08051BF95F5900455903 /* Build configuration list for PBXProject "TapNotes" */;
			compatibilityVersion = "Xcode 3.2";
			developmentRegion = English;
			hasScannedForEncodings = 0;
			knownRegions = (
				en,
				Base,
			);
			mainGroup = D73F08011BF95F5900455903;
			productRefGroup = D73F080B1BF95F5900455903 /* Products */;
			projectDirPath = "";
			projectRoot = "";
			targets = (
				D73F08091BF95F5900455903 /* TapNotes */,
				D73F08201BF95F5A00455903 /* TapNotesTests */,
				D73F082B1BF95F5A00455903 /* TapNotesUITests */,
				D73F083F1BF95F7D00455903 /* TapNotesWatch */,
				D73F084B1BF95F7D00455903 /* TapNotesWatch Extension */,
			);
		};
/* End PBXProject section */

/* Begin PBXResourcesBuildPhase section */
		D73F08081BF95F5900455903 /* Resources */ = {
			isa = PBXResourcesBuildPhase;
			buildActionMask = 2147483647;
			files = (
				D73F081B1BF95F5900455903 /* LaunchScreen.storyboard in Resources */,
				D73F08181BF95F5900455903 /* Assets.xcassets in Resources */,
				D73F08131BF95F5900455903 /* Main.storyboard in Resources */,
			);
			runOnlyForDeploymentPostprocessing = 0;
		};
		D73F081F1BF95F5A00455903 /* Resources */ = {
			isa = PBXResourcesBuildPhase;
			buildActionMask = 2147483647;
			files = (
			);
			runOnlyForDeploymentPostprocessing = 0;
		};
		D73F082A1BF95F5A00455903 /* Resources */ = {
			isa = PBXResourcesBuildPhase;
			buildActionMask = 2147483647;
			files = (
			);
			runOnlyForDeploymentPostprocessing = 0;
		};
		D73F083E1BF95F7D00455903 /* Resources */ = {
			isa = PBXResourcesBuildPhase;
			buildActionMask = 2147483647;
			files = (
				D73F08461BF95F7D00455903 /* Assets.xcassets in Resources */,
				D73F08441BF95F7D00455903 /* Interface.storyboard in Resources */,
			);
			runOnlyForDeploymentPostprocessing = 0;
		};
		D73F084A1BF95F7D00455903 /* Resources */ = {
			isa = PBXResourcesBuildPhase;
			buildActionMask = 2147483647;
			files = (
				D73F085A1BF95F7D00455903 /* Assets.xcassets in Resources */,
			);
			runOnlyForDeploymentPostprocessing = 0;
		};
/* End PBXResourcesBuildPhase section */

/* Begin PBXSourcesBuildPhase section */
		D73F08061BF95F5900455903 /* Sources */ = {
			isa = PBXSourcesBuildPhase;
			buildActionMask = 2147483647;
			files = (
				D740A6971C03D35900F0FBA5 /* NoteViewController.swift in Sources */,
				D740A69E1C03D4A700F0FBA5 /* SampleData.swift in Sources */,
				D73F08101BF95F5900455903 /* ViewController.swift in Sources */,
				D73F08161BF95F5900455903 /* TapNotes.xcdatamodeld in Sources */,
				D73F080E1BF95F5900455903 /* AppDelegate.swift in Sources */,
				D7BCBFE31C06270A001473AD /* NoteDetailsViewController.swift in Sources */,
				D740A6A21C04236200F0FBA5 /* NoteCell.swift in Sources */,
				D740A69C1C03D46000F0FBA5 /* Note.swift in Sources */,
			);
			runOnlyForDeploymentPostprocessing = 0;
		};
		D73F081D1BF95F5A00455903 /* Sources */ = {
			isa = PBXSourcesBuildPhase;
			buildActionMask = 2147483647;
			files = (
				D73F08261BF95F5A00455903 /* TapNotesTests.swift in Sources */,
			);
			runOnlyForDeploymentPostprocessing = 0;
		};
		D73F08281BF95F5A00455903 /* Sources */ = {
			isa = PBXSourcesBuildPhase;
			buildActionMask = 2147483647;
			files = (
				D73F08311BF95F5A00455903 /* TapNotesUITests.swift in Sources */,
			);
			runOnlyForDeploymentPostprocessing = 0;
		};
		D73F08481BF95F7D00455903 /* Sources */ = {
			isa = PBXSourcesBuildPhase;
			buildActionMask = 2147483647;
			files = (
				D73F086A1BF9815C00455903 /* SecondInterfaceController.swift in Sources */,
				D73F08581BF95F7D00455903 /* NotificationController.swift in Sources */,
				D73F08561BF95F7D00455903 /* ExtensionDelegate.swift in Sources */,
				D73F08681BF9605900455903 /* rowController.swift in Sources */,
				D73F08541BF95F7D00455903 /* InterfaceController.swift in Sources */,
			);
			runOnlyForDeploymentPostprocessing = 0;
		};
/* End PBXSourcesBuildPhase section */

/* Begin PBXTargetDependency section */
		D73F08231BF95F5A00455903 /* PBXTargetDependency */ = {
			isa = PBXTargetDependency;
			target = D73F08091BF95F5900455903 /* TapNotes */;
			targetProxy = D73F08221BF95F5A00455903 /* PBXContainerItemProxy */;
		};
		D73F082E1BF95F5A00455903 /* PBXTargetDependency */ = {
			isa = PBXTargetDependency;
			target = D73F08091BF95F5900455903 /* TapNotes */;
			targetProxy = D73F082D1BF95F5A00455903 /* PBXContainerItemProxy */;
		};
		D73F084F1BF95F7D00455903 /* PBXTargetDependency */ = {
			isa = PBXTargetDependency;
			target = D73F084B1BF95F7D00455903 /* TapNotesWatch Extension */;
			targetProxy = D73F084E1BF95F7D00455903 /* PBXContainerItemProxy */;
		};
		D73F085D1BF95F7D00455903 /* PBXTargetDependency */ = {
			isa = PBXTargetDependency;
			target = D73F083F1BF95F7D00455903 /* TapNotesWatch */;
			targetProxy = D73F085C1BF95F7D00455903 /* PBXContainerItemProxy */;
		};
/* End PBXTargetDependency section */

/* Begin PBXVariantGroup section */
		D73F08111BF95F5900455903 /* Main.storyboard */ = {
			isa = PBXVariantGroup;
			children = (
				D73F08121BF95F5900455903 /* Base */,
			);
			name = Main.storyboard;
			sourceTree = "<group>";
		};
		D73F08191BF95F5900455903 /* LaunchScreen.storyboard */ = {
			isa = PBXVariantGroup;
			children = (
				D73F081A1BF95F5900455903 /* Base */,
			);
			name = LaunchScreen.storyboard;
			sourceTree = "<group>";
		};
		D73F08421BF95F7D00455903 /* Interface.storyboard */ = {
			isa = PBXVariantGroup;
			children = (
				D73F08431BF95F7D00455903 /* Base */,
			);
			name = Interface.storyboard;
			sourceTree = "<group>";
		};
/* End PBXVariantGroup section */

/* Begin XCBuildConfiguration section */
		D73F08331BF95F5A00455903 /* Debug */ = {
			isa = XCBuildConfiguration;
			buildSettings = {
				ALWAYS_SEARCH_USER_PATHS = NO;
				CLANG_CXX_LANGUAGE_STANDARD = "gnu++0x";
				CLANG_CXX_LIBRARY = "libc++";
				CLANG_ENABLE_MODULES = YES;
				CLANG_ENABLE_OBJC_ARC = YES;
				CLANG_WARN_BOOL_CONVERSION = YES;
				CLANG_WARN_CONSTANT_CONVERSION = YES;
				CLANG_WARN_DIRECT_OBJC_ISA_USAGE = YES_ERROR;
				CLANG_WARN_EMPTY_BODY = YES;
				CLANG_WARN_ENUM_CONVERSION = YES;
				CLANG_WARN_INT_CONVERSION = YES;
				CLANG_WARN_OBJC_ROOT_CLASS = YES_ERROR;
				CLANG_WARN_UNREACHABLE_CODE = YES;
				CLANG_WARN__DUPLICATE_METHOD_MATCH = YES;
				"CODE_SIGN_IDENTITY[sdk=iphoneos*]" = "iPhone Developer";
				COPY_PHASE_STRIP = NO;
				DEBUG_INFORMATION_FORMAT = dwarf;
				ENABLE_STRICT_OBJC_MSGSEND = YES;
				ENABLE_TESTABILITY = YES;
				GCC_C_LANGUAGE_STANDARD = gnu99;
				GCC_DYNAMIC_NO_PIC = NO;
				GCC_NO_COMMON_BLOCKS = YES;
				GCC_OPTIMIZATION_LEVEL = 0;
				GCC_PREPROCESSOR_DEFINITIONS = (
					"DEBUG=1",
					"$(inherited)",
				);
				GCC_WARN_64_TO_32_BIT_CONVERSION = YES;
				GCC_WARN_ABOUT_RETURN_TYPE = YES_ERROR;
				GCC_WARN_UNDECLARED_SELECTOR = YES;
				GCC_WARN_UNINITIALIZED_AUTOS = YES_AGGRESSIVE;
				GCC_WARN_UNUSED_FUNCTION = YES;
				GCC_WARN_UNUSED_VARIABLE = YES;
				IPHONEOS_DEPLOYMENT_TARGET = 9.1;
				MTL_ENABLE_DEBUG_INFO = YES;
				ONLY_ACTIVE_ARCH = YES;
				SDKROOT = iphoneos;
				SWIFT_OPTIMIZATION_LEVEL = "-Onone";
			};
			name = Debug;
		};
		D73F08341BF95F5A00455903 /* Release */ = {
			isa = XCBuildConfiguration;
			buildSettings = {
				ALWAYS_SEARCH_USER_PATHS = NO;
				CLANG_CXX_LANGUAGE_STANDARD = "gnu++0x";
				CLANG_CXX_LIBRARY = "libc++";
				CLANG_ENABLE_MODULES = YES;
				CLANG_ENABLE_OBJC_ARC = YES;
				CLANG_WARN_BOOL_CONVERSION = YES;
				CLANG_WARN_CONSTANT_CONVERSION = YES;
				CLANG_WARN_DIRECT_OBJC_ISA_USAGE = YES_ERROR;
				CLANG_WARN_EMPTY_BODY = YES;
				CLANG_WARN_ENUM_CONVERSION = YES;
				CLANG_WARN_INT_CONVERSION = YES;
				CLANG_WARN_OBJC_ROOT_CLASS = YES_ERROR;
				CLANG_WARN_UNREACHABLE_CODE = YES;
				CLANG_WARN__DUPLICATE_METHOD_MATCH = YES;
				"CODE_SIGN_IDENTITY[sdk=iphoneos*]" = "iPhone Developer";
				COPY_PHASE_STRIP = NO;
				DEBUG_INFORMATION_FORMAT = "dwarf-with-dsym";
				ENABLE_NS_ASSERTIONS = NO;
				ENABLE_STRICT_OBJC_MSGSEND = YES;
				GCC_C_LANGUAGE_STANDARD = gnu99;
				GCC_NO_COMMON_BLOCKS = YES;
				GCC_WARN_64_TO_32_BIT_CONVERSION = YES;
				GCC_WARN_ABOUT_RETURN_TYPE = YES_ERROR;
				GCC_WARN_UNDECLARED_SELECTOR = YES;
				GCC_WARN_UNINITIALIZED_AUTOS = YES_AGGRESSIVE;
				GCC_WARN_UNUSED_FUNCTION = YES;
				GCC_WARN_UNUSED_VARIABLE = YES;
				IPHONEOS_DEPLOYMENT_TARGET = 9.1;
				MTL_ENABLE_DEBUG_INFO = NO;
				SDKROOT = iphoneos;
				VALIDATE_PRODUCT = YES;
			};
			name = Release;
		};
		D73F08361BF95F5A00455903 /* Debug */ = {
			isa = XCBuildConfiguration;
			buildSettings = {
				ASSETCATALOG_COMPILER_APPICON_NAME = AppIcon;
				CODE_SIGN_IDENTITY = "iPhone Developer";
				INFOPLIST_FILE = TapNotes/Info.plist;
				LD_RUNPATH_SEARCH_PATHS = "$(inherited) @executable_path/Frameworks";
				PRODUCT_BUNDLE_IDENTIFIER = coleman.TapNotes;
				PRODUCT_NAME = "$(TARGET_NAME)";
			};
			name = Debug;
		};
		D73F08371BF95F5A00455903 /* Release */ = {
			isa = XCBuildConfiguration;
			buildSettings = {
				ASSETCATALOG_COMPILER_APPICON_NAME = AppIcon;
				CODE_SIGN_IDENTITY = "iPhone Developer";
				INFOPLIST_FILE = TapNotes/Info.plist;
				LD_RUNPATH_SEARCH_PATHS = "$(inherited) @executable_path/Frameworks";
				PRODUCT_BUNDLE_IDENTIFIER = coleman.TapNotes;
				PRODUCT_NAME = "$(TARGET_NAME)";
			};
			name = Release;
		};
		D73F08391BF95F5A00455903 /* Debug */ = {
			isa = XCBuildConfiguration;
			buildSettings = {
				BUNDLE_LOADER = "$(TEST_HOST)";
				INFOPLIST_FILE = TapNotesTests/Info.plist;
				LD_RUNPATH_SEARCH_PATHS = "$(inherited) @executable_path/Frameworks @loader_path/Frameworks";
				PRODUCT_BUNDLE_IDENTIFIER = coleman.TapNotesTests;
				PRODUCT_NAME = "$(TARGET_NAME)";
				TEST_HOST = "$(BUILT_PRODUCTS_DIR)/TapNotes.app/TapNotes";
			};
			name = Debug;
		};
		D73F083A1BF95F5A00455903 /* Release */ = {
			isa = XCBuildConfiguration;
			buildSettings = {
				BUNDLE_LOADER = "$(TEST_HOST)";
				INFOPLIST_FILE = TapNotesTests/Info.plist;
				LD_RUNPATH_SEARCH_PATHS = "$(inherited) @executable_path/Frameworks @loader_path/Frameworks";
				PRODUCT_BUNDLE_IDENTIFIER = coleman.TapNotesTests;
				PRODUCT_NAME = "$(TARGET_NAME)";
				TEST_HOST = "$(BUILT_PRODUCTS_DIR)/TapNotes.app/TapNotes";
			};
			name = Release;
		};
		D73F083C1BF95F5A00455903 /* Debug */ = {
			isa = XCBuildConfiguration;
			buildSettings = {
				INFOPLIST_FILE = TapNotesUITests/Info.plist;
				LD_RUNPATH_SEARCH_PATHS = "$(inherited) @executable_path/Frameworks @loader_path/Frameworks";
				PRODUCT_BUNDLE_IDENTIFIER = coleman.TapNotesUITests;
				PRODUCT_NAME = "$(TARGET_NAME)";
				TEST_TARGET_NAME = TapNotes;
				USES_XCTRUNNER = YES;
			};
			name = Debug;
		};
		D73F083D1BF95F5A00455903 /* Release */ = {
			isa = XCBuildConfiguration;
			buildSettings = {
				INFOPLIST_FILE = TapNotesUITests/Info.plist;
				LD_RUNPATH_SEARCH_PATHS = "$(inherited) @executable_path/Frameworks @loader_path/Frameworks";
				PRODUCT_BUNDLE_IDENTIFIER = coleman.TapNotesUITests;
				PRODUCT_NAME = "$(TARGET_NAME)";
				TEST_TARGET_NAME = TapNotes;
				USES_XCTRUNNER = YES;
			};
			name = Release;
		};
		D73F08601BF95F7D00455903 /* Debug */ = {
			isa = XCBuildConfiguration;
			buildSettings = {
				CODE_SIGN_ENTITLEMENTS = "TapNotesWatch Extension/TapNotesWatch Extension.entitlements";
				CODE_SIGN_IDENTITY = "iPhone Developer";
				INFOPLIST_FILE = "TapNotesWatch Extension/Info.plist";
				LD_RUNPATH_SEARCH_PATHS = "$(inherited) @executable_path/Frameworks @executable_path/../../Frameworks";
				PRODUCT_BUNDLE_IDENTIFIER = coleman.TapNotes.watchkitapp.watchkitextension;
				PRODUCT_NAME = "${TARGET_NAME}";
				SDKROOT = watchos;
				SKIP_INSTALL = YES;
				TARGETED_DEVICE_FAMILY = 4;
				WATCHOS_DEPLOYMENT_TARGET = 2.0;
			};
			name = Debug;
		};
		D73F08611BF95F7D00455903 /* Release */ = {
			isa = XCBuildConfiguration;
			buildSettings = {
				CODE_SIGN_ENTITLEMENTS = "TapNotesWatch Extension/TapNotesWatch Extension.entitlements";
				CODE_SIGN_IDENTITY = "iPhone Developer";
				INFOPLIST_FILE = "TapNotesWatch Extension/Info.plist";
				LD_RUNPATH_SEARCH_PATHS = "$(inherited) @executable_path/Frameworks @executable_path/../../Frameworks";
				PRODUCT_BUNDLE_IDENTIFIER = coleman.TapNotes.watchkitapp.watchkitextension;
				PRODUCT_NAME = "${TARGET_NAME}";
				SDKROOT = watchos;
				SKIP_INSTALL = YES;
				TARGETED_DEVICE_FAMILY = 4;
				WATCHOS_DEPLOYMENT_TARGET = 2.0;
			};
			name = Release;
		};
		D73F08641BF95F7D00455903 /* Debug */ = {
			isa = XCBuildConfiguration;
			buildSettings = {
				ASSETCATALOG_COMPILER_APPICON_NAME = AppIcon;
				CODE_SIGN_IDENTITY = "iPhone Developer";
				EMBEDDED_CONTENT_CONTAINS_SWIFT = YES;
				IBSC_MODULE = TapNotesWatch_Extension;
				INFOPLIST_FILE = TapNotesWatch/Info.plist;
				PRODUCT_BUNDLE_IDENTIFIER = coleman.TapNotes.watchkitapp;
				PRODUCT_NAME = "$(TARGET_NAME)";
				SDKROOT = watchos;
				SKIP_INSTALL = YES;
				TARGETED_DEVICE_FAMILY = 4;
				WATCHOS_DEPLOYMENT_TARGET = 2.0;
			};
			name = Debug;
		};
		D73F08651BF95F7D00455903 /* Release */ = {
			isa = XCBuildConfiguration;
			buildSettings = {
				ASSETCATALOG_COMPILER_APPICON_NAME = AppIcon;
				CODE_SIGN_IDENTITY = "iPhone Developer";
				EMBEDDED_CONTENT_CONTAINS_SWIFT = YES;
				IBSC_MODULE = TapNotesWatch_Extension;
				INFOPLIST_FILE = TapNotesWatch/Info.plist;
				PRODUCT_BUNDLE_IDENTIFIER = coleman.TapNotes.watchkitapp;
				PRODUCT_NAME = "$(TARGET_NAME)";
				SDKROOT = watchos;
				SKIP_INSTALL = YES;
				TARGETED_DEVICE_FAMILY = 4;
				WATCHOS_DEPLOYMENT_TARGET = 2.0;
			};
			name = Release;
		};
/* End XCBuildConfiguration section */

/* Begin XCConfigurationList section */
		D73F08051BF95F5900455903 /* Build configuration list for PBXProject "TapNotes" */ = {
			isa = XCConfigurationList;
			buildConfigurations = (
				D73F08331BF95F5A00455903 /* Debug */,
				D73F08341BF95F5A00455903 /* Release */,
			);
			defaultConfigurationIsVisible = 0;
			defaultConfigurationName = Release;
		};
		D73F08351BF95F5A00455903 /* Build configuration list for PBXNativeTarget "TapNotes" */ = {
			isa = XCConfigurationList;
			buildConfigurations = (
				D73F08361BF95F5A00455903 /* Debug */,
				D73F08371BF95F5A00455903 /* Release */,
			);
			defaultConfigurationIsVisible = 0;
			defaultConfigurationName = Release;
		};
		D73F08381BF95F5A00455903 /* Build configuration list for PBXNativeTarget "TapNotesTests" */ = {
			isa = XCConfigurationList;
			buildConfigurations = (
				D73F08391BF95F5A00455903 /* Debug */,
				D73F083A1BF95F5A00455903 /* Release */,
			);
			defaultConfigurationIsVisible = 0;
			defaultConfigurationName = Release;
		};
		D73F083B1BF95F5A00455903 /* Build configuration list for PBXNativeTarget "TapNotesUITests" */ = {
			isa = XCConfigurationList;
			buildConfigurations = (
				D73F083C1BF95F5A00455903 /* Debug */,
				D73F083D1BF95F5A00455903 /* Release */,
			);
			defaultConfigurationIsVisible = 0;
			defaultConfigurationName = Release;
		};
		D73F085F1BF95F7D00455903 /* Build configuration list for PBXNativeTarget "TapNotesWatch Extension" */ = {
			isa = XCConfigurationList;
			buildConfigurations = (
				D73F08601BF95F7D00455903 /* Debug */,
				D73F08611BF95F7D00455903 /* Release */,
			);
			defaultConfigurationIsVisible = 0;
			defaultConfigurationName = Release;
		};
		D73F08631BF95F7D00455903 /* Build configuration list for PBXNativeTarget "TapNotesWatch" */ = {
			isa = XCConfigurationList;
			buildConfigurations = (
				D73F08641BF95F7D00455903 /* Debug */,
				D73F08651BF95F7D00455903 /* Release */,
			);
			defaultConfigurationIsVisible = 0;
			defaultConfigurationName = Release;
		};
/* End XCConfigurationList section */

/* Begin XCVersionGroup section */
		D73F08141BF95F5900455903 /* TapNotes.xcdatamodeld */ = {
			isa = XCVersionGroup;
			children = (
				D73F08151BF95F5900455903 /* TapNotes.xcdatamodel */,
			);
			currentVersion = D73F08151BF95F5900455903 /* TapNotes.xcdatamodel */;
			path = TapNotes.xcdatamodeld;
			sourceTree = "<group>";
			versionGroupType = wrapper.xcdatamodel;
		};
/* End XCVersionGroup section */
	};
	rootObject = D73F08021BF95F5900455903 /* Project object */;
}
